
Microsoft Visual Studio Solution File, Format Version 12.00
# Visual Studio Version 16
VisualStudioVersion = 16.0.32126.315
MinimumVisualStudioVersion = 10.0.40219.1
Project("{8BC9CEB8-8B4A-11D0-8D11-00A0C91BC942}") = "SimpleFactory", "SimpleFactory\SimpleFactory.vcxproj", "{1C4F1B4C-F1F3-40A5-ABD9-1710A66A0926}"
EndProject
Project("{8BC9CEB8-8B4A-11D0-8D11-00A0C91BC942}") = "AbstractFactory", "AbstractFactory\AbstractFactory.vcxproj", "{28A02671-0FE5-4209-B2E9-28FC9DA6CB7A}"
EndProject
Project("{8BC9CEB8-8B4A-11D0-8D11-00A0C91BC942}") = "SingleInstance", "SingleInstance\SingleInstance.vcxproj", "{E712DE20-1FA9-479C-A00F-3F842CB6F7DC}"
EndProject
Project("{8BC9CEB8-8B4A-11D0-8D11-00A0C91BC942}") = "Prototype", "Prototype\Prototype.vcxproj", "{65586496-F767-4E83-91D6-C00836AB726D}"
EndProject
Project("{8BC9CEB8-8B4A-11D0-8D11-00A0C91BC942}") = "Builders", "Builders\Builders.vcxproj", "{3906F504-9BAB-4489-AAEF-B6F20585088B}"
EndProject
Project("{8BC9CEB8-8B4A-11D0-8D11-00A0C91BC942}") = "Adapter_1", "Adapter_1\Adapter_1.vcxproj", "{295C7D72-5FE8-4743-A3B4-FFBB982559D0}"
EndProject
Project("{8BC9CEB8-8B4A-11D0-8D11-00A0C91BC942}") = "Adapter_2", "Adapter_2\Adapter_2.vcxproj", "{8D059300-3357-4D60-A5E3-48877173D0AF}"
EndProject
Project("{8BC9CEB8-8B4A-11D0-8D11-00A0C91BC942}") = "Decorator", "Decorator\Decorator.vcxproj", "{B1977F81-1804-494C-9D1D-9FE505362E61}"
EndProject
Project("{8BC9CEB8-8B4A-11D0-8D11-00A0C91BC942}") = "Proxy", "Proxy\Proxy.vcxproj", "{B55F4A2B-C981-4BDE-ACF1-B555CF743C30}"
EndProject
Project("{8BC9CEB8-8B4A-11D0-8D11-00A0C91BC942}") = "Facade", "Facade\Facade.vcxproj", "{2FBEB024-2935-49B3-9B2C-A8689B6363E8}"
EndProject
Project("{8BC9CEB8-8B4A-11D0-8D11-00A0C91BC942}") = "Bridge", "Bridge\Bridge.vcxproj", "{F1AF8996-1FE2-473E-AEFD-DC4B839AEB24}"
EndProject
Project("{8BC9CEB8-8B4A-11D0-8D11-00A0C91BC942}") = "Composite", "Composite\Composite.vcxproj", "{67323C16-FCA9-46CC-B5F8-C9D15CD6A99C}"
EndProject
Project("{8BC9CEB8-8B4A-11D0-8D11-00A0C91BC942}") = "Flyweight", "Flyweight\Flyweight.vcxproj", "{DE938B0A-4507-4A6D-9754-3E49FE32491A}"
EndProject
Project("{8BC9CEB8-8B4A-11D0-8D11-00A0C91BC942}") = "Strategy", "Strategy\Strategy.vcxproj", "{69DC238A-3015-4FC1-BCA1-4F9A00A64D69}"
EndProject
Project("{8BC9CEB8-8B4A-11D0-8D11-00A0C91BC942}") = "TemplateMethod", "TemplateMethod\TemplateMethod.vcxproj", "{8952F0C9-1091-4B27-BCC8-9075E918358A}"
EndProject
Project("{8BC9CEB8-8B4A-11D0-8D11-00A0C91BC942}") = "Observer", "Observer\Observer.vcxproj", "{F30D02FC-D133-4E0F-9DC9-8C91CFC324CC}"
EndProject
Project("{8BC9CEB8-8B4A-11D0-8D11-00A0C91BC942}") = "Iterator", "Iterator\Iterator.vcxproj", "{F5CB232A-34ED-4EDA-89BF-0482D3C084F7}"
EndProject
Project("{8BC9CEB8-8B4A-11D0-8D11-00A0C91BC942}") = "ChainResponsibility", "ChainResponsibility\ChainResponsibility.vcxproj", "{43729B78-95AD-4F81-BD23-A20739F3D775}"
EndProject
Project("{8BC9CEB8-8B4A-11D0-8D11-00A0C91BC942}") = "Command", "Command\Command.vcxproj", "{1CCDC586-276F-46A3-AD5B-15A0174F4B8C}"
EndProject
Project("{8BC9CEB8-8B4A-11D0-8D11-00A0C91BC942}") = "Memento", "Memento\Memento.vcxproj", "{94FF5FBD-7CB5-4A0A-9B6E-8B7B18EF691A}"
EndProject
Project("{8BC9CEB8-8B4A-11D0-8D11-00A0C91BC942}") = "StatePattern", "StatePattern\StatePattern.vcxproj", "{0443477C-0E96-40F2-8A3B-EBC5EE442D75}"
EndProject
Project("{8BC9CEB8-8B4A-11D0-8D11-00A0C91BC942}") = "Visitor", "Visitor\Visitor.vcxproj", "{BE3A5DF5-EB8C-4FD6-8A28-E95CD2DDB568}"
EndProject
Project("{8BC9CEB8-8B4A-11D0-8D11-00A0C91BC942}") = "Mediator", "Mediator\Mediator.vcxproj", "{1246222A-535D-4FF5-B95A-1307A6013D5E}"
EndProject
Project("{8BC9CEB8-8B4A-11D0-8D11-00A0C91BC942}") = "Interpreter", "Interpreter\Interpreter.vcxproj", "{4836974F-0495-4F08-AADB-496164A95E73}"
EndProject
Project("{8BC9CEB8-8B4A-11D0-8D11-00A0C91BC942}") = "MVC", "MVC\MVC.vcxproj", "{4B5E824A-BAF6-4E2B-A0F0-247C088DF02A}"
EndProject
Project("{8BC9CEB8-8B4A-11D0-8D11-00A0C91BC942}") = "ThreadPool", "ThreadPool\ThreadPool.vcxproj", "{61A579FA-98DC-47FB-84C5-E249AD4ADBAD}"
EndProject
Global
	GlobalSection(SolutionConfigurationPlatforms) = preSolution
		Debug|x64 = Debug|x64
		Debug|x86 = Debug|x86
		Release|x64 = Release|x64
		Release|x86 = Release|x86
	EndGlobalSection
	GlobalSection(ProjectConfigurationPlatforms) = postSolution
		{1C4F1B4C-F1F3-40A5-ABD9-1710A66A0926}.Debug|x64.ActiveCfg = Debug|x64
		{1C4F1B4C-F1F3-40A5-ABD9-1710A66A0926}.Debug|x64.Build.0 = Debug|x64
		{1C4F1B4C-F1F3-40A5-ABD9-1710A66A0926}.Debug|x86.ActiveCfg = Debug|Win32
		{1C4F1B4C-F1F3-40A5-ABD9-1710A66A0926}.Debug|x86.Build.0 = Debug|Win32
		{1C4F1B4C-F1F3-40A5-ABD9-1710A66A0926}.Release|x64.ActiveCfg = Release|x64
		{1C4F1B4C-F1F3-40A5-ABD9-1710A66A0926}.Release|x64.Build.0 = Release|x64
		{1C4F1B4C-F1F3-40A5-ABD9-1710A66A0926}.Release|x86.ActiveCfg = Release|Win32
		{1C4F1B4C-F1F3-40A5-ABD9-1710A66A0926}.Release|x86.Build.0 = Release|Win32
		{28A02671-0FE5-4209-B2E9-28FC9DA6CB7A}.Debug|x64.ActiveCfg = Debug|x64
		{28A02671-0FE5-4209-B2E9-28FC9DA6CB7A}.Debug|x64.Build.0 = Debug|x64
		{28A02671-0FE5-4209-B2E9-28FC9DA6CB7A}.Debug|x86.ActiveCfg = Debug|Win32
		{28A02671-0FE5-4209-B2E9-28FC9DA6CB7A}.Debug|x86.Build.0 = Debug|Win32
		{28A02671-0FE5-4209-B2E9-28FC9DA6CB7A}.Release|x64.ActiveCfg = Release|x64
		{28A02671-0FE5-4209-B2E9-28FC9DA6CB7A}.Release|x64.Build.0 = Release|x64
		{28A02671-0FE5-4209-B2E9-28FC9DA6CB7A}.Release|x86.ActiveCfg = Release|Win32
		{28A02671-0FE5-4209-B2E9-28FC9DA6CB7A}.Release|x86.Build.0 = Release|Win32
		{E712DE20-1FA9-479C-A00F-3F842CB6F7DC}.Debug|x64.ActiveCfg = Debug|x64
		{E712DE20-1FA9-479C-A00F-3F842CB6F7DC}.Debug|x64.Build.0 = Debug|x64
		{E712DE20-1FA9-479C-A00F-3F842CB6F7DC}.Debug|x86.ActiveCfg = Debug|Win32
		{E712DE20-1FA9-479C-A00F-3F842CB6F7DC}.Debug|x86.Build.0 = Debug|Win32
		{E712DE20-1FA9-479C-A00F-3F842CB6F7DC}.Release|x64.ActiveCfg = Release|x64
		{E712DE20-1FA9-479C-A00F-3F842CB6F7DC}.Release|x64.Build.0 = Release|x64
		{E712DE20-1FA9-479C-A00F-3F842CB6F7DC}.Release|x86.ActiveCfg = Release|Win32
		{E712DE20-1FA9-479C-A00F-3F842CB6F7DC}.Release|x86.Build.0 = Release|Win32
		{65586496-F767-4E83-91D6-C00836AB726D}.Debug|x64.ActiveCfg = Debug|x64
		{65586496-F767-4E83-91D6-C00836AB726D}.Debug|x64.Build.0 = Debug|x64
		{65586496-F767-4E83-91D6-C00836AB726D}.Debug|x86.ActiveCfg = Debug|Win32
		{65586496-F767-4E83-91D6-C00836AB726D}.Debug|x86.Build.0 = Debug|Win32
		{65586496-F767-4E83-91D6-C00836AB726D}.Release|x64.ActiveCfg = Release|x64
		{65586496-F767-4E83-91D6-C00836AB726D}.Release|x64.Build.0 = Release|x64
		{65586496-F767-4E83-91D6-C00836AB726D}.Release|x86.ActiveCfg = Release|Win32
		{65586496-F767-4E83-91D6-C00836AB726D}.Release|x86.Build.0 = Release|Win32
		{3906F504-9BAB-4489-AAEF-B6F20585088B}.Debug|x64.ActiveCfg = Debug|x64
		{3906F504-9BAB-4489-AAEF-B6F20585088B}.Debug|x64.Build.0 = Debug|x64
		{3906F504-9BAB-4489-AAEF-B6F20585088B}.Debug|x86.ActiveCfg = Debug|Win32
		{3906F504-9BAB-4489-AAEF-B6F20585088B}.Debug|x86.Build.0 = Debug|Win32
		{3906F504-9BAB-4489-AAEF-B6F20585088B}.Release|x64.ActiveCfg = Release|x64
		{3906F504-9BAB-4489-AAEF-B6F20585088B}.Release|x64.Build.0 = Release|x64
		{3906F504-9BAB-4489-AAEF-B6F20585088B}.Release|x86.ActiveCfg = Release|Win32
		{3906F504-9BAB-4489-AAEF-B6F20585088B}.Release|x86.Build.0 = Release|Win32
		{295C7D72-5FE8-4743-A3B4-FFBB982559D0}.Debug|x64.ActiveCfg = Debug|x64
		{295C7D72-5FE8-4743-A3B4-FFBB982559D0}.Debug|x64.Build.0 = Debug|x64
		{295C7D72-5FE8-4743-A3B4-FFBB982559D0}.Debug|x86.ActiveCfg = Debug|Win32
		{295C7D72-5FE8-4743-A3B4-FFBB982559D0}.Debug|x86.Build.0 = Debug|Win32
		{295C7D72-5FE8-4743-A3B4-FFBB982559D0}.Release|x64.ActiveCfg = Release|x64
		{295C7D72-5FE8-4743-A3B4-FFBB982559D0}.Release|x64.Build.0 = Release|x64
		{295C7D72-5FE8-4743-A3B4-FFBB982559D0}.Release|x86.ActiveCfg = Release|Win32
		{295C7D72-5FE8-4743-A3B4-FFBB982559D0}.Release|x86.Build.0 = Release|Win32
		{8D059300-3357-4D60-A5E3-48877173D0AF}.Debug|x64.ActiveCfg = Debug|x64
		{8D059300-3357-4D60-A5E3-48877173D0AF}.Debug|x64.Build.0 = Debug|x64
		{8D059300-3357-4D60-A5E3-48877173D0AF}.Debug|x86.ActiveCfg = Debug|Win32
		{8D059300-3357-4D60-A5E3-48877173D0AF}.Debug|x86.Build.0 = Debug|Win32
		{8D059300-3357-4D60-A5E3-48877173D0AF}.Release|x64.ActiveCfg = Release|x64
		{8D059300-3357-4D60-A5E3-48877173D0AF}.Release|x64.Build.0 = Release|x64
		{8D059300-3357-4D60-A5E3-48877173D0AF}.Release|x86.ActiveCfg = Release|Win32
		{8D059300-3357-4D60-A5E3-48877173D0AF}.Release|x86.Build.0 = Release|Win32
		{B1977F81-1804-494C-9D1D-9FE505362E61}.Debug|x64.ActiveCfg = Debug|x64
		{B1977F81-1804-494C-9D1D-9FE505362E61}.Debug|x64.Build.0 = Debug|x64
		{B1977F81-1804-494C-9D1D-9FE505362E61}.Debug|x86.ActiveCfg = Debug|Win32
		{B1977F81-1804-494C-9D1D-9FE505362E61}.Debug|x86.Build.0 = Debug|Win32
		{B1977F81-1804-494C-9D1D-9FE505362E61}.Release|x64.ActiveCfg = Release|x64
		{B1977F81-1804-494C-9D1D-9FE505362E61}.Release|x64.Build.0 = Release|x64
		{B1977F81-1804-494C-9D1D-9FE505362E61}.Release|x86.ActiveCfg = Release|Win32
		{B1977F81-1804-494C-9D1D-9FE505362E61}.Release|x86.Build.0 = Release|Win32
		{B55F4A2B-C981-4BDE-ACF1-B555CF743C30}.Debug|x64.ActiveCfg = Debug|x64
		{B55F4A2B-C981-4BDE-ACF1-B555CF743C30}.Debug|x64.Build.0 = Debug|x64
		{B55F4A2B-C981-4BDE-ACF1-B555CF743C30}.Debug|x86.ActiveCfg = Debug|Win32
		{B55F4A2B-C981-4BDE-ACF1-B555CF743C30}.Debug|x86.Build.0 = Debug|Win32
		{B55F4A2B-C981-4BDE-ACF1-B555CF743C30}.Release|x64.ActiveCfg = Release|x64
		{B55F4A2B-C981-4BDE-ACF1-B555CF743C30}.Release|x64.Build.0 = Release|x64
		{B55F4A2B-C981-4BDE-ACF1-B555CF743C30}.Release|x86.ActiveCfg = Release|Win32
		{B55F4A2B-C981-4BDE-ACF1-B555CF743C30}.Release|x86.Build.0 = Release|Win32
		{2FBEB024-2935-49B3-9B2C-A8689B6363E8}.Debug|x64.ActiveCfg = Debug|x64
		{2FBEB024-2935-49B3-9B2C-A8689B6363E8}.Debug|x64.Build.0 = Debug|x64
		{2FBEB024-2935-49B3-9B2C-A8689B6363E8}.Debug|x86.ActiveCfg = Debug|Win32
		{2FBEB024-2935-49B3-9B2C-A8689B6363E8}.Debug|x86.Build.0 = Debug|Win32
		{2FBEB024-2935-49B3-9B2C-A8689B6363E8}.Release|x64.ActiveCfg = Release|x64
		{2FBEB024-2935-49B3-9B2C-A8689B6363E8}.Release|x64.Build.0 = Release|x64
		{2FBEB024-2935-49B3-9B2C-A8689B6363E8}.Release|x86.ActiveCfg = Release|Win32
		{2FBEB024-2935-49B3-9B2C-A8689B6363E8}.Release|x86.Build.0 = Release|Win32
		{F1AF8996-1FE2-473E-AEFD-DC4B839AEB24}.Debug|x64.ActiveCfg = Debug|x64
		{F1AF8996-1FE2-473E-AEFD-DC4B839AEB24}.Debug|x64.Build.0 = Debug|x64
		{F1AF8996-1FE2-473E-AEFD-DC4B839AEB24}.Debug|x86.ActiveCfg = Debug|Win32
		{F1AF8996-1FE2-473E-AEFD-DC4B839AEB24}.Debug|x86.Build.0 = Debug|Win32
		{F1AF8996-1FE2-473E-AEFD-DC4B839AEB24}.Release|x64.ActiveCfg = Release|x64
		{F1AF8996-1FE2-473E-AEFD-DC4B839AEB24}.Release|x64.Build.0 = Release|x64
		{F1AF8996-1FE2-473E-AEFD-DC4B839AEB24}.Release|x86.ActiveCfg = Release|Win32
		{F1AF8996-1FE2-473E-AEFD-DC4B839AEB24}.Release|x86.Build.0 = Release|Win32
		{67323C16-FCA9-46CC-B5F8-C9D15CD6A99C}.Debug|x64.ActiveCfg = Debug|x64
		{67323C16-FCA9-46CC-B5F8-C9D15CD6A99C}.Debug|x64.Build.0 = Debug|x64
		{67323C16-FCA9-46CC-B5F8-C9D15CD6A99C}.Debug|x86.ActiveCfg = Debug|Win32
		{67323C16-FCA9-46CC-B5F8-C9D15CD6A99C}.Debug|x86.Build.0 = Debug|Win32
		{67323C16-FCA9-46CC-B5F8-C9D15CD6A99C}.Release|x64.ActiveCfg = Release|x64
		{67323C16-FCA9-46CC-B5F8-C9D15CD6A99C}.Release|x64.Build.0 = Release|x64
		{67323C16-FCA9-46CC-B5F8-C9D15CD6A99C}.Release|x86.ActiveCfg = Release|Win32
		{67323C16-FCA9-46CC-B5F8-C9D15CD6A99C}.Release|x86.Build.0 = Release|Win32
		{DE938B0A-4507-4A6D-9754-3E49FE32491A}.Debug|x64.ActiveCfg = Debug|x64
		{DE938B0A-4507-4A6D-9754-3E49FE32491A}.Debug|x64.Build.0 = Debug|x64
		{DE938B0A-4507-4A6D-9754-3E49FE32491A}.Debug|x86.ActiveCfg = Debug|Win32
		{DE938B0A-4507-4A6D-9754-3E49FE32491A}.Debug|x86.Build.0 = Debug|Win32
		{DE938B0A-4507-4A6D-9754-3E49FE32491A}.Release|x64.ActiveCfg = Release|x64
		{DE938B0A-4507-4A6D-9754-3E49FE32491A}.Release|x64.Build.0 = Release|x64
		{DE938B0A-4507-4A6D-9754-3E49FE32491A}.Release|x86.ActiveCfg = Release|Win32
		{DE938B0A-4507-4A6D-9754-3E49FE32491A}.Release|x86.Build.0 = Release|Win32
		{69DC238A-3015-4FC1-BCA1-4F9A00A64D69}.Debug|x64.ActiveCfg = Debug|x64
		{69DC238A-3015-4FC1-BCA1-4F9A00A64D69}.Debug|x64.Build.0 = Debug|x64
		{69DC238A-3015-4FC1-BCA1-4F9A00A64D69}.Debug|x86.ActiveCfg = Debug|Win32
		{69DC238A-3015-4FC1-BCA1-4F9A00A64D69}.Debug|x86.Build.0 = Debug|Win32
		{69DC238A-3015-4FC1-BCA1-4F9A00A64D69}.Release|x64.ActiveCfg = Release|x64
		{69DC238A-3015-4FC1-BCA1-4F9A00A64D69}.Release|x64.Build.0 = Release|x64
		{69DC238A-3015-4FC1-BCA1-4F9A00A64D69}.Release|x86.ActiveCfg = Release|Win32
		{69DC238A-3015-4FC1-BCA1-4F9A00A64D69}.Release|x86.Build.0 = Release|Win32
		{8952F0C9-1091-4B27-BCC8-9075E918358A}.Debug|x64.ActiveCfg = Debug|x64
		{8952F0C9-1091-4B27-BCC8-9075E918358A}.Debug|x64.Build.0 = Debug|x64
		{8952F0C9-1091-4B27-BCC8-9075E918358A}.Debug|x86.ActiveCfg = Debug|Win32
		{8952F0C9-1091-4B27-BCC8-9075E918358A}.Debug|x86.Build.0 = Debug|Win32
		{8952F0C9-1091-4B27-BCC8-9075E918358A}.Release|x64.ActiveCfg = Release|x64
		{8952F0C9-1091-4B27-BCC8-9075E918358A}.Release|x64.Build.0 = Release|x64
		{8952F0C9-1091-4B27-BCC8-9075E918358A}.Release|x86.ActiveCfg = Release|Win32
		{8952F0C9-1091-4B27-BCC8-9075E918358A}.Release|x86.Build.0 = Release|Win32
		{F30D02FC-D133-4E0F-9DC9-8C91CFC324CC}.Debug|x64.ActiveCfg = Debug|x64
		{F30D02FC-D133-4E0F-9DC9-8C91CFC324CC}.Debug|x64.Build.0 = Debug|x64
		{F30D02FC-D133-4E0F-9DC9-8C91CFC324CC}.Debug|x86.ActiveCfg = Debug|Win32
		{F30D02FC-D133-4E0F-9DC9-8C91CFC324CC}.Debug|x86.Build.0 = Debug|Win32
		{F30D02FC-D133-4E0F-9DC9-8C91CFC324CC}.Release|x64.ActiveCfg = Release|x64
		{F30D02FC-D133-4E0F-9DC9-8C91CFC324CC}.Release|x64.Build.0 = Release|x64
		{F30D02FC-D133-4E0F-9DC9-8C91CFC324CC}.Release|x86.ActiveCfg = Release|Win32
		{F30D02FC-D133-4E0F-9DC9-8C91CFC324CC}.Release|x86.Build.0 = Release|Win32
		{F5CB232A-34ED-4EDA-89BF-0482D3C084F7}.Debug|x64.ActiveCfg = Debug|x64
		{F5CB232A-34ED-4EDA-89BF-0482D3C084F7}.Debug|x64.Build.0 = Debug|x64
		{F5CB232A-34ED-4EDA-89BF-0482D3C084F7}.Debug|x86.ActiveCfg = Debug|Win32
		{F5CB232A-34ED-4EDA-89BF-0482D3C084F7}.Debug|x86.Build.0 = Debug|Win32
		{F5CB232A-34ED-4EDA-89BF-0482D3C084F7}.Release|x64.ActiveCfg = Release|x64
		{F5CB232A-34ED-4EDA-89BF-0482D3C084F7}.Release|x64.Build.0 = Release|x64
		{F5CB232A-34ED-4EDA-89BF-0482D3C084F7}.Release|x86.ActiveCfg = Release|Win32
		{F5CB232A-34ED-4EDA-89BF-0482D3C084F7}.Release|x86.Build.0 = Release|Win32
		{43729B78-95AD-4F81-BD23-A20739F3D775}.Debug|x64.ActiveCfg = Debug|x64
		{43729B78-95AD-4F81-BD23-A20739F3D775}.Debug|x64.Build.0 = Debug|x64
		{43729B78-95AD-4F81-BD23-A20739F3D775}.Debug|x86.ActiveCfg = Debug|Win32
		{43729B78-95AD-4F81-BD23-A20739F3D775}.Debug|x86.Build.0 = Debug|Win32
		{43729B78-95AD-4F81-BD23-A20739F3D775}.Release|x64.ActiveCfg = Release|x64
		{43729B78-95AD-4F81-BD23-A20739F3D775}.Release|x64.Build.0 = Release|x64
		{43729B78-95AD-4F81-BD23-A20739F3D775}.Release|x86.ActiveCfg = Release|Win32
		{43729B78-95AD-4F81-BD23-A20739F3D775}.Release|x86.Build.0 = Release|Win32
		{1CCDC586-276F-46A3-AD5B-15A0174F4B8C}.Debug|x64.ActiveCfg = Debug|x64
		{1CCDC586-276F-46A3-AD5B-15A0174F4B8C}.Debug|x64.Build.0 = Debug|x64
		{1CCDC586-276F-46A3-AD5B-15A0174F4B8C}.Debug|x86.ActiveCfg = Debug|Win32
		{1CCDC586-276F-46A3-AD5B-15A0174F4B8C}.Debug|x86.Build.0 = Debug|Win32
		{1CCDC586-276F-46A3-AD5B-15A0174F4B8C}.Release|x64.ActiveCfg = Release|x64
		{1CCDC586-276F-46A3-AD5B-15A0174F4B8C}.Release|x64.Build.0 = Release|x64
		{1CCDC586-276F-46A3-AD5B-15A0174F4B8C}.Release|x86.ActiveCfg = Release|Win32
		{1CCDC586-276F-46A3-AD5B-15A0174F4B8C}.Release|x86.Build.0 = Release|Win32
		{94FF5FBD-7CB5-4A0A-9B6E-8B7B18EF691A}.Debug|x64.ActiveCfg = Debug|x64
		{94FF5FBD-7CB5-4A0A-9B6E-8B7B18EF691A}.Debug|x64.Build.0 = Debug|x64
		{94FF5FBD-7CB5-4A0A-9B6E-8B7B18EF691A}.Debug|x86.ActiveCfg = Debug|Win32
		{94FF5FBD-7CB5-4A0A-9B6E-8B7B18EF691A}.Debug|x86.Build.0 = Debug|Win32
		{94FF5FBD-7CB5-4A0A-9B6E-8B7B18EF691A}.Release|x64.ActiveCfg = Release|x64
		{94FF5FBD-7CB5-4A0A-9B6E-8B7B18EF691A}.Release|x64.Build.0 = Release|x64
		{94FF5FBD-7CB5-4A0A-9B6E-8B7B18EF691A}.Release|x86.ActiveCfg = Release|Win32
		{94FF5FBD-7CB5-4A0A-9B6E-8B7B18EF691A}.Release|x86.Build.0 = Release|Win32
		{0443477C-0E96-40F2-8A3B-EBC5EE442D75}.Debug|x64.ActiveCfg = Debug|x64
		{0443477C-0E96-40F2-8A3B-EBC5EE442D75}.Debug|x64.Build.0 = Debug|x64
		{0443477C-0E96-40F2-8A3B-EBC5EE442D75}.Debug|x86.ActiveCfg = Debug|Win32
		{0443477C-0E96-40F2-8A3B-EBC5EE442D75}.Debug|x86.Build.0 = Debug|Win32
		{0443477C-0E96-40F2-8A3B-EBC5EE442D75}.Release|x64.ActiveCfg = Release|x64
		{0443477C-0E96-40F2-8A3B-EBC5EE442D75}.Release|x64.Build.0 = Release|x64
		{0443477C-0E96-40F2-8A3B-EBC5EE442D75}.Release|x86.ActiveCfg = Release|Win32
		{0443477C-0E96-40F2-8A3B-EBC5EE442D75}.Release|x86.Build.0 = Release|Win32
		{BE3A5DF5-EB8C-4FD6-8A28-E95CD2DDB568}.Debug|x64.ActiveCfg = Debug|x64
		{BE3A5DF5-EB8C-4FD6-8A28-E95CD2DDB568}.Debug|x64.Build.0 = Debug|x64
		{BE3A5DF5-EB8C-4FD6-8A28-E95CD2DDB568}.Debug|x86.ActiveCfg = Debug|Win32
		{BE3A5DF5-EB8C-4FD6-8A28-E95CD2DDB568}.Debug|x86.Build.0 = Debug|Win32
		{BE3A5DF5-EB8C-4FD6-8A28-E95CD2DDB568}.Release|x64.ActiveCfg = Release|x64
		{BE3A5DF5-EB8C-4FD6-8A28-E95CD2DDB568}.Release|x64.Build.0 = Release|x64
		{BE3A5DF5-EB8C-4FD6-8A28-E95CD2DDB568}.Release|x86.ActiveCfg = Release|Win32
		{BE3A5DF5-EB8C-4FD6-8A28-E95CD2DDB568}.Release|x86.Build.0 = Release|Win32
		{1246222A-535D-4FF5-B95A-1307A6013D5E}.Debug|x64.ActiveCfg = Debug|x64
		{1246222A-535D-4FF5-B95A-1307A6013D5E}.Debug|x64.Build.0 = Debug|x64
		{1246222A-535D-4FF5-B95A-1307A6013D5E}.Debug|x86.ActiveCfg = Debug|Win32
		{1246222A-535D-4FF5-B95A-1307A6013D5E}.Debug|x86.Build.0 = Debug|Win32
		{1246222A-535D-4FF5-B95A-1307A6013D5E}.Release|x64.ActiveCfg = Release|x64
		{1246222A-535D-4FF5-B95A-1307A6013D5E}.Release|x64.Build.0 = Release|x64
		{1246222A-535D-4FF5-B95A-1307A6013D5E}.Release|x86.ActiveCfg = Release|Win32
		{1246222A-535D-4FF5-B95A-1307A6013D5E}.Release|x86.Build.0 = Release|Win32
		{4836974F-0495-4F08-AADB-496164A95E73}.Debug|x64.ActiveCfg = Debug|x64
		{4836974F-0495-4F08-AADB-496164A95E73}.Debug|x64.Build.0 = Debug|x64
		{4836974F-0495-4F08-AADB-496164A95E73}.Debug|x86.ActiveCfg = Debug|Win32
		{4836974F-0495-4F08-AADB-496164A95E73}.Debug|x86.Build.0 = Debug|Win32
		{4836974F-0495-4F08-AADB-496164A95E73}.Release|x64.ActiveCfg = Release|x64
		{4836974F-0495-4F08-AADB-496164A95E73}.Release|x64.Build.0 = Release|x64
		{4836974F-0495-4F08-AADB-496164A95E73}.Release|x86.ActiveCfg = Release|Win32
		{4836974F-0495-4F08-AADB-496164A95E73}.Release|x86.Build.0 = Release|Win32
		{4B5E824A-BAF6-4E2B-A0F0-247C088DF02A}.Debug|x64.ActiveCfg = Debug|x64
		{4B5E824A-BAF6-4E2B-A0F0-247C088DF02A}.Debug|x64.Build.0 = Debug|x64
		{4B5E824A-BAF6-4E2B-A0F0-247C088DF02A}.Debug|x86.ActiveCfg = Debug|Win32
		{4B5E824A-BAF6-4E2B-A0F0-247C088DF02A}.Debug|x86.Build.0 = Debug|Win32
		{4B5E824A-BAF6-4E2B-A0F0-247C088DF02A}.Release|x64.ActiveCfg = Release|x64
		{4B5E824A-BAF6-4E2B-A0F0-247C088DF02A}.Release|x64.Build.0 = Release|x64
		{4B5E824A-BAF6-4E2B-A0F0-247C088DF02A}.Release|x86.ActiveCfg = Release|Win32
		{4B5E824A-BAF6-4E2B-A0F0-247C088DF02A}.Release|x86.Build.0 = Release|Win32
		{61A579FA-98DC-47FB-84C5-E249AD4ADBAD}.Debug|x64.ActiveCfg = Debug|x64
		{61A579FA-98DC-47FB-84C5-E249AD4ADBAD}.Debug|x64.Build.0 = Debug|x64
		{61A579FA-98DC-47FB-84C5-E249AD4ADBAD}.Debug|x86.ActiveCfg = Debug|Win32
		{61A579FA-98DC-47FB-84C5-E249AD4ADBAD}.Debug|x86.Build.0 = Debug|Win32
		{61A579FA-98DC-47FB-84C5-E249AD4ADBAD}.Release|x64.ActiveCfg = Release|x64
		{61A579FA-98DC-47FB-84C5-E249AD4ADBAD}.Release|x64.Build.0 = Release|x64
		{61A579FA-98DC-47FB-84C5-E249AD4ADBAD}.Release|x86.ActiveCfg = Release|Win32
		{61A579FA-98DC-47FB-84C5-E249AD4ADBAD}.Release|x86.Build.0 = Release|Win32
	EndGlobalSection
	GlobalSection(SolutionProperties) = preSolution
		HideSolutionNode = FALSE
	EndGlobalSection
	GlobalSection(ExtensibilityGlobals) = postSolution
		SolutionGuid = {F1D02353-E5BD-4D80-BC66-D41175A65977}
	EndGlobalSection
EndGlobal
